// !$*UTF8*$!
{
	archiveVersion = 1;
	classes = {
	};
	objectVersion = 50;
	objects = {

/* Begin PBXBuildFile section */
		8F32E42B21FB280B00B99D72 /* TedModel.swift in Sources */ = {isa = PBXBuildFile; fileRef = 8F32E42A21FB280B00B99D72 /* TedModel.swift */; };
		8F3DB1ED21F6732000D89A4F /* AppDelegate.swift in Sources */ = {isa = PBXBuildFile; fileRef = 8F3DB1EC21F6732000D89A4F /* AppDelegate.swift */; };
		8F3DB1EF21F6732000D89A4F /* ViewController.swift in Sources */ = {isa = PBXBuildFile; fileRef = 8F3DB1EE21F6732000D89A4F /* ViewController.swift */; };
		8F3DB1F221F6732000D89A4F /* Main.storyboard in Resources */ = {isa = PBXBuildFile; fileRef = 8F3DB1F021F6732000D89A4F /* Main.storyboard */; };
		8F3DB1F421F6732300D89A4F /* Assets.xcassets in Resources */ = {isa = PBXBuildFile; fileRef = 8F3DB1F321F6732300D89A4F /* Assets.xcassets */; };
		8F3DB1F721F6732300D89A4F /* LaunchScreen.storyboard in Resources */ = {isa = PBXBuildFile; fileRef = 8F3DB1F521F6732300D89A4F /* LaunchScreen.storyboard */; };
		8F3DB20221F6732300D89A4F /* PagTedUITests.swift in Sources */ = {isa = PBXBuildFile; fileRef = 8F3DB20121F6732300D89A4F /* PagTedUITests.swift */; };
		8F3DB21121F6833800D89A4F /* AccountModel.swift in Sources */ = {isa = PBXBuildFile; fileRef = 8F3DB21021F6833800D89A4F /* AccountModel.swift */; };
		8F6F6EAF21F756F300FCBAFE /* NewTransferViewController.swift in Sources */ = {isa = PBXBuildFile; fileRef = 8F6F6EAE21F756F300FCBAFE /* NewTransferViewController.swift */; };
		8F6F6EB121F7677A00FCBAFE /* BankModel.swift in Sources */ = {isa = PBXBuildFile; fileRef = 8F6F6EB021F7677A00FCBAFE /* BankModel.swift */; };
		8F8B570921F72E7700CF5354 /* REST.swift in Sources */ = {isa = PBXBuildFile; fileRef = 8F8B570821F72E7700CF5354 /* REST.swift */; };
		8FE4E6AD21FA1F8D00B5B61B /* BankListingViewController.swift in Sources */ = {isa = PBXBuildFile; fileRef = 8FE4E6AC21FA1F8D00B5B61B /* BankListingViewController.swift */; };
		8FE4E6B021FA214900B5B61B /* BankTableViewCell.swift in Sources */ = {isa = PBXBuildFile; fileRef = 8FE4E6AF21FA214900B5B61B /* BankTableViewCell.swift */; };
/* End PBXBuildFile section */

/* Begin PBXContainerItemProxy section */
		8F3DB1FE21F6732300D89A4F /* PBXContainerItemProxy */ = {
			isa = PBXContainerItemProxy;
			containerPortal = 8F3DB1E121F6732000D89A4F /* Project object */;
			proxyType = 1;
			remoteGlobalIDString = 8F3DB1E821F6732000D89A4F;
			remoteInfo = PagTed;
		};
/* End PBXContainerItemProxy section */

/* Begin PBXFileReference section */
		8F32E42A21FB280B00B99D72 /* TedModel.swift */ = {isa = PBXFileReference; lastKnownFileType = sourcecode.swift; path = TedModel.swift; sourceTree = "<group>"; };
		8F3DB1E921F6732000D89A4F /* PagTed.app */ = {isa = PBXFileReference; explicitFileType = wrapper.application; includeInIndex = 0; path = PagTed.app; sourceTree = BUILT_PRODUCTS_DIR; };
		8F3DB1EC21F6732000D89A4F /* AppDelegate.swift */ = {isa = PBXFileReference; lastKnownFileType = sourcecode.swift; path = AppDelegate.swift; sourceTree = "<group>"; };
		8F3DB1EE21F6732000D89A4F /* ViewController.swift */ = {isa = PBXFileReference; lastKnownFileType = sourcecode.swift; path = ViewController.swift; sourceTree = "<group>"; };
		8F3DB1F121F6732000D89A4F /* Base */ = {isa = PBXFileReference; lastKnownFileType = file.storyboard; name = Base; path = Base.lproj/Main.storyboard; sourceTree = "<group>"; };
		8F3DB1F321F6732300D89A4F /* Assets.xcassets */ = {isa = PBXFileReference; lastKnownFileType = folder.assetcatalog; path = Assets.xcassets; sourceTree = "<group>"; };
		8F3DB1F621F6732300D89A4F /* Base */ = {isa = PBXFileReference; lastKnownFileType = file.storyboard; name = Base; path = Base.lproj/LaunchScreen.storyboard; sourceTree = "<group>"; };
		8F3DB1F821F6732300D89A4F /* Info.plist */ = {isa = PBXFileReference; lastKnownFileType = text.plist.xml; path = Info.plist; sourceTree = "<group>"; };
		8F3DB1FD21F6732300D89A4F /* PagTedUITests.xctest */ = {isa = PBXFileReference; explicitFileType = wrapper.cfbundle; includeInIndex = 0; path = PagTedUITests.xctest; sourceTree = BUILT_PRODUCTS_DIR; };
		8F3DB20121F6732300D89A4F /* PagTedUITests.swift */ = {isa = PBXFileReference; lastKnownFileType = sourcecode.swift; path = PagTedUITests.swift; sourceTree = "<group>"; };
		8F3DB20321F6732300D89A4F /* Info.plist */ = {isa = PBXFileReference; lastKnownFileType = text.plist.xml; path = Info.plist; sourceTree = "<group>"; };
		8F3DB21021F6833800D89A4F /* AccountModel.swift */ = {isa = PBXFileReference; lastKnownFileType = sourcecode.swift; path = AccountModel.swift; sourceTree = "<group>"; };
		8F6F6EAE21F756F300FCBAFE /* NewTransferViewController.swift */ = {isa = PBXFileReference; lastKnownFileType = sourcecode.swift; path = NewTransferViewController.swift; sourceTree = "<group>"; };
		8F6F6EB021F7677A00FCBAFE /* BankModel.swift */ = {isa = PBXFileReference; lastKnownFileType = sourcecode.swift; path = BankModel.swift; sourceTree = "<group>"; };
		8F8B570721F7287000CF5354 /* PagTed.entitlements */ = {isa = PBXFileReference; lastKnownFileType = text.plist.entitlements; path = PagTed.entitlements; sourceTree = "<group>"; };
		8F8B570821F72E7700CF5354 /* REST.swift */ = {isa = PBXFileReference; lastKnownFileType = sourcecode.swift; path = REST.swift; sourceTree = "<group>"; };
		8FE4E6AC21FA1F8D00B5B61B /* BankListingViewController.swift */ = {isa = PBXFileReference; lastKnownFileType = sourcecode.swift; path = BankListingViewController.swift; sourceTree = "<group>"; };
		8FE4E6AF21FA214900B5B61B /* BankTableViewCell.swift */ = {isa = PBXFileReference; lastKnownFileType = sourcecode.swift; path = BankTableViewCell.swift; sourceTree = "<group>"; };
/* End PBXFileReference section */

/* Begin PBXFrameworksBuildPhase section */
		8F3DB1E621F6732000D89A4F /* Frameworks */ = {
			isa = PBXFrameworksBuildPhase;
			buildActionMask = 2147483647;
			files = (
			);
			runOnlyForDeploymentPostprocessing = 0;
		};
		8F3DB1FA21F6732300D89A4F /* Frameworks */ = {
			isa = PBXFrameworksBuildPhase;
			buildActionMask = 2147483647;
			files = (
			);
			runOnlyForDeploymentPostprocessing = 0;
		};
/* End PBXFrameworksBuildPhase section */

/* Begin PBXGroup section */
		8F3DB1E021F6732000D89A4F = {
			isa = PBXGroup;
			children = (
				8F3DB1EB21F6732000D89A4F /* PagTed */,
				8F3DB20021F6732300D89A4F /* PagTedUITests */,
				8F3DB1EA21F6732000D89A4F /* Products */,
				8F8B570421F7287000CF5354 /* Frameworks */,
			);
			sourceTree = "<group>";
		};
		8F3DB1EA21F6732000D89A4F /* Products */ = {
			isa = PBXGroup;
			children = (
				8F3DB1E921F6732000D89A4F /* PagTed.app */,
				8F3DB1FD21F6732300D89A4F /* PagTedUITests.xctest */,
			);
			name = Products;
			sourceTree = "<group>";
		};
		8F3DB1EB21F6732000D89A4F /* PagTed */ = {
			isa = PBXGroup;
			children = (
				8F8B570A21F7322400CF5354 /* API */,
				8F3DB21421F683BD00D89A4F /* View */,
				8F3DB21321F6839E00D89A4F /* Controller */,
				8F3DB21221F6838800D89A4F /* Model */,
				8F3DB1EC21F6732000D89A4F /* AppDelegate.swift */,
				8F3DB1F321F6732300D89A4F /* Assets.xcassets */,
				8F3DB1F521F6732300D89A4F /* LaunchScreen.storyboard */,
				8F8B570721F7287000CF5354 /* PagTed.entitlements */,
				8F3DB1F821F6732300D89A4F /* Info.plist */,
			);
			path = PagTed;
			sourceTree = "<group>";
		};
		8F3DB20021F6732300D89A4F /* PagTedUITests */ = {
			isa = PBXGroup;
			children = (
				8F3DB20121F6732300D89A4F /* PagTedUITests.swift */,
				8F3DB20321F6732300D89A4F /* Info.plist */,
			);
			path = PagTedUITests;
			sourceTree = "<group>";
		};
		8F3DB21221F6838800D89A4F /* Model */ = {
			isa = PBXGroup;
			children = (
				8F3DB21021F6833800D89A4F /* AccountModel.swift */,
				8F6F6EB021F7677A00FCBAFE /* BankModel.swift */,
				8F32E42A21FB280B00B99D72 /* TedModel.swift */,
			);
			path = Model;
			sourceTree = "<group>";
		};
		8F3DB21321F6839E00D89A4F /* Controller */ = {
			isa = PBXGroup;
			children = (
				8F3DB1EE21F6732000D89A4F /* ViewController.swift */,
				8F6F6EAE21F756F300FCBAFE /* NewTransferViewController.swift */,
				8FE4E6AC21FA1F8D00B5B61B /* BankListingViewController.swift */,
			);
			path = Controller;
			sourceTree = "<group>";
		};
		8F3DB21421F683BD00D89A4F /* View */ = {
			isa = PBXGroup;
			children = (
				8FE4E6AE21FA20F800B5B61B /* ViewCell */,
				8F3DB1F021F6732000D89A4F /* Main.storyboard */,
			);
			path = View;
			sourceTree = "<group>";
		};
		8F8B570421F7287000CF5354 /* Frameworks */ = {
			isa = PBXGroup;
			children = (
			);
			name = Frameworks;
			sourceTree = "<group>";
		};
		8F8B570A21F7322400CF5354 /* API */ = {
			isa = PBXGroup;
			children = (
				8F8B570821F72E7700CF5354 /* REST.swift */,
			);
			path = API;
			sourceTree = "<group>";
		};
		8FE4E6AE21FA20F800B5B61B /* ViewCell */ = {
			isa = PBXGroup;
			children = (
				8FE4E6AF21FA214900B5B61B /* BankTableViewCell.swift */,
			);
			path = ViewCell;
			sourceTree = "<group>";
		};
/* End PBXGroup section */

/* Begin PBXNativeTarget section */
		8F3DB1E821F6732000D89A4F /* PagTed */ = {
			isa = PBXNativeTarget;
			buildConfigurationList = 8F3DB20621F6732300D89A4F /* Build configuration list for PBXNativeTarget "PagTed" */;
			buildPhases = (
				8F3DB1E521F6732000D89A4F /* Sources */,
				8F3DB1E621F6732000D89A4F /* Frameworks */,
				8F3DB1E721F6732000D89A4F /* Resources */,
			);
			buildRules = (
			);
			dependencies = (
			);
			name = PagTed;
			productName = PagTed;
			productReference = 8F3DB1E921F6732000D89A4F /* PagTed.app */;
			productType = "com.apple.product-type.application";
		};
		8F3DB1FC21F6732300D89A4F /* PagTedUITests */ = {
			isa = PBXNativeTarget;
			buildConfigurationList = 8F3DB20921F6732300D89A4F /* Build configuration list for PBXNativeTarget "PagTedUITests" */;
			buildPhases = (
				8F3DB1F921F6732300D89A4F /* Sources */,
				8F3DB1FA21F6732300D89A4F /* Frameworks */,
				8F3DB1FB21F6732300D89A4F /* Resources */,
			);
			buildRules = (
			);
			dependencies = (
				8F3DB1FF21F6732300D89A4F /* PBXTargetDependency */,
			);
			name = PagTedUITests;
			productName = PagTedUITests;
			productReference = 8F3DB1FD21F6732300D89A4F /* PagTedUITests.xctest */;
			productType = "com.apple.product-type.bundle.ui-testing";
		};
/* End PBXNativeTarget section */

/* Begin PBXProject section */
		8F3DB1E121F6732000D89A4F /* Project object */ = {
			isa = PBXProject;
			attributes = {
				LastSwiftUpdateCheck = 1010;
				LastUpgradeCheck = 1010;
				ORGANIZATIONNAME = PagTeste;
				TargetAttributes = {
					8F3DB1E821F6732000D89A4F = {
						CreatedOnToolsVersion = 10.1;
						SystemCapabilities = {
							com.apple.NetworkExtensions.iOS = {
								enabled = 0;
							};
						};
					};
					8F3DB1FC21F6732300D89A4F = {
						CreatedOnToolsVersion = 10.1;
						TestTargetID = 8F3DB1E821F6732000D89A4F;
					};
				};
			};
			buildConfigurationList = 8F3DB1E421F6732000D89A4F /* Build configuration list for PBXProject "PagTed" */;
			compatibilityVersion = "Xcode 9.3";
			developmentRegion = en;
			hasScannedForEncodings = 0;
			knownRegions = (
				en,
				Base,
			);
			mainGroup = 8F3DB1E021F6732000D89A4F;
			productRefGroup = 8F3DB1EA21F6732000D89A4F /* Products */;
			projectDirPath = "";
			projectRoot = "";
			targets = (
				8F3DB1E821F6732000D89A4F /* PagTed */,
				8F3DB1FC21F6732300D89A4F /* PagTedUITests */,
			);
		};
/* End PBXProject section */

/* Begin PBXResourcesBuildPhase section */
		8F3DB1E721F6732000D89A4F /* Resources */ = {
			isa = PBXResourcesBuildPhase;
			buildActionMask = 2147483647;
			files = (
				8F3DB1F721F6732300D89A4F /* LaunchScreen.storyboard in Resources */,
				8F3DB1F421F6732300D89A4F /* Assets.xcassets in Resources */,
				8F3DB1F221F6732000D89A4F /* Main.storyboard in Resources */,
			);
			runOnlyForDeploymentPostprocessing = 0;
		};
		8F3DB1FB21F6732300D89A4F /* Resources */ = {
			isa = PBXResourcesBuildPhase;
			buildActionMask = 2147483647;
			files = (
			);
			runOnlyForDeploymentPostprocessing = 0;
		};
/* End PBXResourcesBuildPhase section */

/* Begin PBXSourcesBuildPhase section */
		8F3DB1E521F6732000D89A4F /* Sources */ = {
			isa = PBXSourcesBuildPhase;
			buildActionMask = 2147483647;
			files = (
				8F3DB1EF21F6732000D89A4F /* ViewController.swift in Sources */,
				8FE4E6B021FA214900B5B61B /* BankTableViewCell.swift in Sources */,
				8FE4E6AD21FA1F8D00B5B61B /* BankListingViewController.swift in Sources */,
				8F6F6EB121F7677A00FCBAFE /* BankModel.swift in Sources */,
				8F3DB1ED21F6732000D89A4F /* AppDelegate.swift in Sources */,
				8F8B570921F72E7700CF5354 /* REST.swift in Sources */,
				8F3DB21121F6833800D89A4F /* AccountModel.swift in Sources */,
				8F32E42B21FB280B00B99D72 /* TedModel.swift in Sources */,
				8F6F6EAF21F756F300FCBAFE /* NewTransferViewController.swift in Sources */,
			);
			runOnlyForDeploymentPostprocessing = 0;
		};
		8F3DB1F921F6732300D89A4F /* Sources */ = {
			isa = PBXSourcesBuildPhase;
			buildActionMask = 2147483647;
			files = (
				8F3DB20221F6732300D89A4F /* PagTedUITests.swift in Sources */,
			);
			runOnlyForDeploymentPostprocessing = 0;
		};
/* End PBXSourcesBuildPhase section */

/* Begin PBXTargetDependency section */
		8F3DB1FF21F6732300D89A4F /* PBXTargetDependency */ = {
			isa = PBXTargetDependency;
			target = 8F3DB1E821F6732000D89A4F /* PagTed */;
			targetProxy = 8F3DB1FE21F6732300D89A4F /* PBXContainerItemProxy */;
		};
/* End PBXTargetDependency section */

/* Begin PBXVariantGroup section */
		8F3DB1F021F6732000D89A4F /* Main.storyboard */ = {
			isa = PBXVariantGroup;
			children = (
				8F3DB1F121F6732000D89A4F /* Base */,
			);
			name = Main.storyboard;
			sourceTree = "<group>";
		};
		8F3DB1F521F6732300D89A4F /* LaunchScreen.storyboard */ = {
			isa = PBXVariantGroup;
			children = (
				8F3DB1F621F6732300D89A4F /* Base */,
			);
			name = LaunchScreen.storyboard;
			sourceTree = "<group>";
		};
/* End PBXVariantGroup section */

/* Begin XCBuildConfiguration section */
		8F3DB20421F6732300D89A4F /* Debug */ = {
			isa = XCBuildConfiguration;
			buildSettings = {
				ALWAYS_SEARCH_USER_PATHS = NO;
				CLANG_ANALYZER_NONNULL = YES;
				CLANG_ANALYZER_NUMBER_OBJECT_CONVERSION = YES_AGGRESSIVE;
				CLANG_CXX_LANGUAGE_STANDARD = "gnu++14";
				CLANG_CXX_LIBRARY = "libc++";
				CLANG_ENABLE_MODULES = YES;
				CLANG_ENABLE_OBJC_ARC = YES;
				CLANG_ENABLE_OBJC_WEAK = YES;
				CLANG_WARN_BLOCK_CAPTURE_AUTORELEASING = YES;
				CLANG_WARN_BOOL_CONVERSION = YES;
				CLANG_WARN_COMMA = YES;
				CLANG_WARN_CONSTANT_CONVERSION = YES;
				CLANG_WARN_DEPRECATED_OBJC_IMPLEMENTATIONS = YES;
				CLANG_WARN_DIRECT_OBJC_ISA_USAGE = YES_ERROR;
				CLANG_WARN_DOCUMENTATION_COMMENTS = YES;
				CLANG_WARN_EMPTY_BODY = YES;
				CLANG_WARN_ENUM_CONVERSION = YES;
				CLANG_WARN_INFINITE_RECURSION = YES;
				CLANG_WARN_INT_CONVERSION = YES;
				CLANG_WARN_NON_LITERAL_NULL_CONVERSION = YES;
				CLANG_WARN_OBJC_IMPLICIT_RETAIN_SELF = YES;
				CLANG_WARN_OBJC_LITERAL_CONVERSION = YES;
				CLANG_WARN_OBJC_ROOT_CLASS = YES_ERROR;
				CLANG_WARN_RANGE_LOOP_ANALYSIS = YES;
				CLANG_WARN_STRICT_PROTOTYPES = YES;
				CLANG_WARN_SUSPICIOUS_MOVE = YES;
				CLANG_WARN_UNGUARDED_AVAILABILITY = YES_AGGRESSIVE;
				CLANG_WARN_UNREACHABLE_CODE = YES;
				CLANG_WARN__DUPLICATE_METHOD_MATCH = YES;
				CODE_SIGN_IDENTITY = "iPhone Developer";
				COPY_PHASE_STRIP = NO;
				DEBUG_INFORMATION_FORMAT = dwarf;
				ENABLE_STRICT_OBJC_MSGSEND = YES;
				ENABLE_TESTABILITY = YES;
				GCC_C_LANGUAGE_STANDARD = gnu11;
				GCC_DYNAMIC_NO_PIC = NO;
				GCC_NO_COMMON_BLOCKS = YES;
				GCC_OPTIMIZATION_LEVEL = 0;
				GCC_PREPROCESSOR_DEFINITIONS = (
					"DEBUG=1",
					"$(inherited)",
				);
				GCC_WARN_64_TO_32_BIT_CONVERSION = YES;
				GCC_WARN_ABOUT_RETURN_TYPE = YES_ERROR;
				GCC_WARN_UNDECLARED_SELECTOR = YES;
				GCC_WARN_UNINITIALIZED_AUTOS = YES_AGGRESSIVE;
				GCC_WARN_UNUSED_FUNCTION = YES;
				GCC_WARN_UNUSED_VARIABLE = YES;
				IPHONEOS_DEPLOYMENT_TARGET = 12.1;
				MTL_ENABLE_DEBUG_INFO = INCLUDE_SOURCE;
				MTL_FAST_MATH = YES;
				ONLY_ACTIVE_ARCH = YES;
				SDKROOT = iphoneos;
				SWIFT_ACTIVE_COMPILATION_CONDITIONS = DEBUG;
				SWIFT_OPTIMIZATION_LEVEL = "-Onone";
			};
			name = Debug;
		};
		8F3DB20521F6732300D89A4F /* Release */ = {
			isa = XCBuildConfiguration;
			buildSettings = {
				ALWAYS_SEARCH_USER_PATHS = NO;
				CLANG_ANALYZER_NONNULL = YES;
				CLANG_ANALYZER_NUMBER_OBJECT_CONVERSION = YES_AGGRESSIVE;
				CLANG_CXX_LANGUAGE_STANDARD = "gnu++14";
				CLANG_CXX_LIBRARY = "libc++";
				CLANG_ENABLE_MODULES = YES;
				CLANG_ENABLE_OBJC_ARC = YES;
				CLANG_ENABLE_OBJC_WEAK = YES;
				CLANG_WARN_BLOCK_CAPTURE_AUTORELEASING = YES;
				CLANG_WARN_BOOL_CONVERSION = YES;
				CLANG_WARN_COMMA = YES;
				CLANG_WARN_CONSTANT_CONVERSION = YES;
				CLANG_WARN_DEPRECATED_OBJC_IMPLEMENTATIONS = YES;
				CLANG_WARN_DIRECT_OBJC_ISA_USAGE = YES_ERROR;
				CLANG_WARN_DOCUMENTATION_COMMENTS = YES;
				CLANG_WARN_EMPTY_BODY = YES;
				CLANG_WARN_ENUM_CONVERSION = YES;
				CLANG_WARN_INFINITE_RECURSION = YES;
				CLANG_WARN_INT_CONVERSION = YES;
				CLANG_WARN_NON_LITERAL_NULL_CONVERSION = YES;
				CLANG_WARN_OBJC_IMPLICIT_RETAIN_SELF = YES;
				CLANG_WARN_OBJC_LITERAL_CONVERSION = YES;
				CLANG_WARN_OBJC_ROOT_CLASS = YES_ERROR;
				CLANG_WARN_RANGE_LOOP_ANALYSIS = YES;
				CLANG_WARN_STRICT_PROTOTYPES = YES;
				CLANG_WARN_SUSPICIOUS_MOVE = YES;
				CLANG_WARN_UNGUARDED_AVAILABILITY = YES_AGGRESSIVE;
				CLANG_WARN_UNREACHABLE_CODE = YES;
				CLANG_WARN__DUPLICATE_METHOD_MATCH = YES;
				CODE_SIGN_IDENTITY = "iPhone Developer";
				COPY_PHASE_STRIP = NO;
				DEBUG_INFORMATION_FORMAT = "dwarf-with-dsym";
				ENABLE_NS_ASSERTIONS = NO;
				ENABLE_STRICT_OBJC_MSGSEND = YES;
				GCC_C_LANGUAGE_STANDARD = gnu11;
				GCC_NO_COMMON_BLOCKS = YES;
				GCC_WARN_64_TO_32_BIT_CONVERSION = YES;
				GCC_WARN_ABOUT_RETURN_TYPE = YES_ERROR;
				GCC_WARN_UNDECLARED_SELECTOR = YES;
				GCC_WARN_UNINITIALIZED_AUTOS = YES_AGGRESSIVE;
				GCC_WARN_UNUSED_FUNCTION = YES;
				GCC_WARN_UNUSED_VARIABLE = YES;
				IPHONEOS_DEPLOYMENT_TARGET = 12.1;
				MTL_ENABLE_DEBUG_INFO = NO;
				MTL_FAST_MATH = YES;
				SDKROOT = iphoneos;
				SWIFT_COMPILATION_MODE = wholemodule;
				SWIFT_OPTIMIZATION_LEVEL = "-O";
				VALIDATE_PRODUCT = YES;
			};
			name = Release;
		};
		8F3DB20721F6732300D89A4F /* Debug */ = {
			isa = XCBuildConfiguration;
			buildSettings = {
				ASSETCATALOG_COMPILER_APPICON_NAME = AppIcon;
				CODE_SIGN_STYLE = Automatic;
				DEVELOPMENT_TEAM = 5M5LCWXKUF;
				INFOPLIST_FILE = PagTed/Info.plist;
				LD_RUNPATH_SEARCH_PATHS = (
					"$(inherited)",
					"@executable_path/Frameworks",
				);
				PRODUCT_BUNDLE_IDENTIFIER = PagTeste.PagTed;
				PRODUCT_NAME = "$(TARGET_NAME)";
				SWIFT_VERSION = 4.2;
				TARGETED_DEVICE_FAMILY = "1,2";
			};
			name = Debug;
		};
		8F3DB20821F6732300D89A4F /* Release */ = {
			isa = XCBuildConfiguration;
			buildSettings = {
				ASSETCATALOG_COMPILER_APPICON_NAME = AppIcon;
				CODE_SIGN_STYLE = Automatic;
				DEVELOPMENT_TEAM = 5M5LCWXKUF;
				INFOPLIST_FILE = PagTed/Info.plist;
				LD_RUNPATH_SEARCH_PATHS = (
					"$(inherited)",
					"@executable_path/Frameworks",
				);
				PRODUCT_BUNDLE_IDENTIFIER = PagTeste.PagTed;
				PRODUCT_NAME = "$(TARGET_NAME)";
				SWIFT_VERSION = 4.2;
				TARGETED_DEVICE_FAMILY = "1,2";
			};
			name = Release;
		};
		8F3DB20A21F6732300D89A4F /* Debug */ = {
			isa = XCBuildConfiguration;
			buildSettings = {
				ALWAYS_EMBED_SWIFT_STANDARD_LIBRARIES = YES;
				CODE_SIGN_STYLE = Automatic;
				DEVELOPMENT_TEAM = KS6G5WGUSD;
				INFOPLIST_FILE = PagTedUITests/Info.plist;
				LD_RUNPATH_SEARCH_PATHS = (
					"$(inherited)",
					"@executable_path/Frameworks",
					"@loader_path/Frameworks",
				);
				PRODUCT_BUNDLE_IDENTIFIER = PagTeste.PagTedUITests;
				PRODUCT_NAME = "$(TARGET_NAME)";
				SWIFT_VERSION = 4.2;
				TARGETED_DEVICE_FAMILY = "1,2";
				TEST_TARGET_NAME = PagTed;
			};
			name = Debug;
		};
		8F3DB20B21F6732300D89A4F /* Release */ = {
			isa = XCBuildConfiguration;
			buildSettings = {
				ALWAYS_EMBED_SWIFT_STANDARD_LIBRARIES = YES;
				CODE_SIGN_STYLE = Automatic;
				DEVELOPMENT_TEAM = KS6G5WGUSD;
				INFOPLIST_FILE = PagTedUITests/Info.plist;
				LD_RUNPATH_SEARCH_PATHS = (
					"$(inherited)",
					"@executable_path/Frameworks",
					"@loader_path/Frameworks",
				);
				PRODUCT_BUNDLE_IDENTIFIER = PagTeste.PagTedUITests;
				PRODUCT_NAME = "$(TARGET_NAME)";
				SWIFT_VERSION = 4.2;
				TARGETED_DEVICE_FAMILY = "1,2";
				TEST_TARGET_NAME = PagTed;
			};
			name = Release;
		};
/* End XCBuildConfiguration section */

/* Begin XCConfigurationList section */
		8F3DB1E421F6732000D89A4F /* Build configuration list for PBXProject "PagTed" */ = {
			isa = XCConfigurationList;
			buildConfigurations = (
				8F3DB20421F6732300D89A4F /* Debug */,
				8F3DB20521F6732300D89A4F /* Release */,
			);
			defaultConfigurationIsVisible = 0;
			defaultConfigurationName = Release;
		};
		8F3DB20621F6732300D89A4F /* Build configuration list for PBXNativeTarget "PagTed" */ = {
			isa = XCConfigurationList;
			buildConfigurations = (
				8F3DB20721F6732300D89A4F /* Debug */,
				8F3DB20821F6732300D89A4F /* Release */,
			);
			defaultConfigurationIsVisible = 0;
			defaultConfigurationName = Release;
		};
		8F3DB20921F6732300D89A4F /* Build configuration list for PBXNativeTarget "PagTedUITests" */ = {
			isa = XCConfigurationList;
			buildConfigurations = (
				8F3DB20A21F6732300D89A4F /* Debug */,
				8F3DB20B21F6732300D89A4F /* Release */,
			);
			defaultConfigurationIsVisible = 0;
			defaultConfigurationName = Release;
		};
/* End XCConfigurationList section */
	};
	rootObject = 8F3DB1E121F6732000D89A4F /* Project object */;
}
